
Microsoft Visual Studio Solution File, Format Version 12.00
# Visual Studio Version 16
VisualStudioVersion = 16.0.30711.63
MinimumVisualStudioVersion = 10.0.40219.1
Project("{FAE04EC0-301F-11D3-BF4B-00C04F79EFBC}") = "Mendaliev_3", "Mendaliev_3\Mendaliev_3.csproj", "{A546AAFE-F5AF-45D4-BC67-0747EAB5BB34}"
EndProject
Global
	GlobalSection(SolutionConfigurationPlatforms) = preSolution
		Debug|Any CPU = Debug|Any CPU
		Release|Any CPU = Release|Any CPU
	EndGlobalSection
	GlobalSection(ProjectConfigurationPlatforms) = postSolution
		{A546AAFE-F5AF-45D4-BC67-0747EAB5BB34}.Debug|Any CPU.ActiveCfg = Debug|Any CPU
		{A546AAFE-F5AF-45D4-BC67-0747EAB5BB34}.Debug|Any CPU.Build.0 = Debug|Any CPU
		{A546AAFE-F5AF-45D4-BC67-0747EAB5BB34}.Release|Any CPU.ActiveCfg = Release|Any CPU
		{A546AAFE-F5AF-45D4-BC67-0747EAB5BB34}.Release|Any CPU.Build.0 = Release|Any CPU
	EndGlobalSection
	GlobalSection(SolutionProperties) = preSolution
		HideSolutionNode = FALSE
	EndGlobalSection
	GlobalSection(ExtensibilityGlobals) = postSolution
		SolutionGuid = {60CF1F88-46C2-47EA-8056-08FA26C976AE}
	EndGlobalSection
EndGlobal
